
Microsoft Visual Studio Solution File, Format Version 12.00
# Visual Studio Version 17
VisualStudioVersion = 17.11.35431.28
MinimumVisualStudioVersion = 10.0.40219.1
Project("{FAE04EC0-301F-11D3-BF4B-00C04F79EFBC}") = "MY_DESKTOP_APP", "MY_DESKTOP_APP\MY_DESKTOP_APP.csproj", "{C2F73924-41C8-481E-9CDB-20F7EB9D81EC}"
EndProject
Global
	GlobalSection(SolutionConfigurationPlatforms) = preSolution
		Debug|Any CPU = Debug|Any CPU
		Release|Any CPU = Release|Any CPU
	EndGlobalSection
	GlobalSection(ProjectConfigurationPlatforms) = postSolution
		{C2F73924-41C8-481E-9CDB-20F7EB9D81EC}.Debug|Any CPU.ActiveCfg = Debug|Any CPU
		{C2F73924-41C8-481E-9CDB-20F7EB9D81EC}.Debug|Any CPU.Build.0 = Debug|Any CPU
		{C2F73924-41C8-481E-9CDB-20F7EB9D81EC}.Release|Any CPU.ActiveCfg = Release|Any CPU
		{C2F73924-41C8-481E-9CDB-20F7EB9D81EC}.Release|Any CPU.Build.0 = Release|Any CPU
	EndGlobalSection
	GlobalSection(SolutionProperties) = preSolution
		HideSolutionNode = FALSE
	EndGlobalSection
	GlobalSection(ExtensibilityGlobals) = postSolution
		SolutionGuid = {B7F6304F-C790-49A3-B800-754BB01035F2}
	EndGlobalSection
EndGlobal
